// !$*UTF8*$!
{
	archiveVersion = 1;
	classes = {
	};
	objectVersion = 56;
	objects = {

/* Begin PBXBuildFile section */
		2008487F2A3B800D00BF0E1F /* QcanApp.swift in Sources */ = {isa = PBXBuildFile; fileRef = 2008487E2A3B800D00BF0E1F /* QcanApp.swift */; };
		200848812A3B800D00BF0E1F /* QRCodeView.swift in Sources */ = {isa = PBXBuildFile; fileRef = 200848802A3B800D00BF0E1F /* QRCodeView.swift */; };
		200848832A3B801100BF0E1F /* Assets.xcassets in Resources */ = {isa = PBXBuildFile; fileRef = 200848822A3B801100BF0E1F /* Assets.xcassets */; };
		200848862A3B801100BF0E1F /* Preview Assets.xcassets in Resources */ = {isa = PBXBuildFile; fileRef = 200848852A3B801100BF0E1F /* Preview Assets.xcassets */; };
		200848902A3B801200BF0E1F /* QcanTests.swift in Sources */ = {isa = PBXBuildFile; fileRef = 2008488F2A3B801200BF0E1F /* QcanTests.swift */; };
		2008489A2A3B801200BF0E1F /* QcanUITests.swift in Sources */ = {isa = PBXBuildFile; fileRef = 200848992A3B801200BF0E1F /* QcanUITests.swift */; };
		2008489C2A3B801200BF0E1F /* QcanUITestsLaunchTests.swift in Sources */ = {isa = PBXBuildFile; fileRef = 2008489B2A3B801200BF0E1F /* QcanUITestsLaunchTests.swift */; };
		20EC9DBF2A3B882F00D55C9D /* ContentView.swift in Sources */ = {isa = PBXBuildFile; fileRef = 20EC9DBE2A3B882F00D55C9D /* ContentView.swift */; };
/* End PBXBuildFile section */

/* Begin PBXContainerItemProxy section */
		2008488C2A3B801200BF0E1F /* PBXContainerItemProxy */ = {
			isa = PBXContainerItemProxy;
			containerPortal = 200848732A3B800D00BF0E1F /* Project object */;
			proxyType = 1;
			remoteGlobalIDString = 2008487A2A3B800D00BF0E1F;
			remoteInfo = Qcan;
		};
		200848962A3B801200BF0E1F /* PBXContainerItemProxy */ = {
			isa = PBXContainerItemProxy;
			containerPortal = 200848732A3B800D00BF0E1F /* Project object */;
			proxyType = 1;
			remoteGlobalIDString = 2008487A2A3B800D00BF0E1F;
			remoteInfo = Qcan;
		};
/* End PBXContainerItemProxy section */

/* Begin PBXFileReference section */
		2008487B2A3B800D00BF0E1F /* Qcan.app */ = {isa = PBXFileReference; explicitFileType = wrapper.application; includeInIndex = 0; path = Qcan.app; sourceTree = BUILT_PRODUCTS_DIR; };
		2008487E2A3B800D00BF0E1F /* QcanApp.swift */ = {isa = PBXFileReference; lastKnownFileType = sourcecode.swift; path = QcanApp.swift; sourceTree = "<group>"; };
		200848802A3B800D00BF0E1F /* QRCodeView.swift */ = {isa = PBXFileReference; lastKnownFileType = sourcecode.swift; path = QRCodeView.swift; sourceTree = "<group>"; };
		200848822A3B801100BF0E1F /* Assets.xcassets */ = {isa = PBXFileReference; lastKnownFileType = folder.assetcatalog; path = Assets.xcassets; sourceTree = "<group>"; };
		200848852A3B801100BF0E1F /* Preview Assets.xcassets */ = {isa = PBXFileReference; lastKnownFileType = folder.assetcatalog; path = "Preview Assets.xcassets"; sourceTree = "<group>"; };
		2008488B2A3B801200BF0E1F /* QcanTests.xctest */ = {isa = PBXFileReference; explicitFileType = wrapper.cfbundle; includeInIndex = 0; path = QcanTests.xctest; sourceTree = BUILT_PRODUCTS_DIR; };
		2008488F2A3B801200BF0E1F /* QcanTests.swift */ = {isa = PBXFileReference; lastKnownFileType = sourcecode.swift; path = QcanTests.swift; sourceTree = "<group>"; };
		200848952A3B801200BF0E1F /* QcanUITests.xctest */ = {isa = PBXFileReference; explicitFileType = wrapper.cfbundle; includeInIndex = 0; path = QcanUITests.xctest; sourceTree = BUILT_PRODUCTS_DIR; };
		200848992A3B801200BF0E1F /* QcanUITests.swift */ = {isa = PBXFileReference; lastKnownFileType = sourcecode.swift; path = QcanUITests.swift; sourceTree = "<group>"; };
		2008489B2A3B801200BF0E1F /* QcanUITestsLaunchTests.swift */ = {isa = PBXFileReference; lastKnownFileType = sourcecode.swift; path = QcanUITestsLaunchTests.swift; sourceTree = "<group>"; };
		20EC9DBE2A3B882F00D55C9D /* ContentView.swift */ = {isa = PBXFileReference; lastKnownFileType = sourcecode.swift; path = ContentView.swift; sourceTree = "<group>"; };
/* End PBXFileReference section */

/* Begin PBXFrameworksBuildPhase section */
		200848782A3B800D00BF0E1F /* Frameworks */ = {
			isa = PBXFrameworksBuildPhase;
			buildActionMask = 2147483647;
			files = (
			);
			runOnlyForDeploymentPostprocessing = 0;
		};
		200848882A3B801200BF0E1F /* Frameworks */ = {
			isa = PBXFrameworksBuildPhase;
			buildActionMask = 2147483647;
			files = (
			);
			runOnlyForDeploymentPostprocessing = 0;
		};
		200848922A3B801200BF0E1F /* Frameworks */ = {
			isa = PBXFrameworksBuildPhase;
			buildActionMask = 2147483647;
			files = (
			);
			runOnlyForDeploymentPostprocessing = 0;
		};
/* End PBXFrameworksBuildPhase section */

/* Begin PBXGroup section */
		200848722A3B800D00BF0E1F = {
			isa = PBXGroup;
			children = (
				2008487D2A3B800D00BF0E1F /* Qcan */,
				2008488E2A3B801200BF0E1F /* QcanTests */,
				200848982A3B801200BF0E1F /* QcanUITests */,
				2008487C2A3B800D00BF0E1F /* Products */,
			);
			sourceTree = "<group>";
		};
		2008487C2A3B800D00BF0E1F /* Products */ = {
			isa = PBXGroup;
			children = (
				2008487B2A3B800D00BF0E1F /* Qcan.app */,
				2008488B2A3B801200BF0E1F /* QcanTests.xctest */,
				200848952A3B801200BF0E1F /* QcanUITests.xctest */,
			);
			name = Products;
			sourceTree = "<group>";
		};
		2008487D2A3B800D00BF0E1F /* Qcan */ = {
			isa = PBXGroup;
			children = (
				2008487E2A3B800D00BF0E1F /* QcanApp.swift */,
				200848802A3B800D00BF0E1F /* QRCodeView.swift */,
				20EC9DBE2A3B882F00D55C9D /* ContentView.swift */,
				200848822A3B801100BF0E1F /* Assets.xcassets */,
				200848842A3B801100BF0E1F /* Preview Content */,
			);
			path = Qcan;
			sourceTree = "<group>";
		};
		200848842A3B801100BF0E1F /* Preview Content */ = {
			isa = PBXGroup;
			children = (
				200848852A3B801100BF0E1F /* Preview Assets.xcassets */,
			);
			path = "Preview Content";
			sourceTree = "<group>";
		};
		2008488E2A3B801200BF0E1F /* QcanTests */ = {
			isa = PBXGroup;
			children = (
				2008488F2A3B801200BF0E1F /* QcanTests.swift */,
			);
			path = QcanTests;
			sourceTree = "<group>";
		};
		200848982A3B801200BF0E1F /* QcanUITests */ = {
			isa = PBXGroup;
			children = (
				200848992A3B801200BF0E1F /* QcanUITests.swift */,
				2008489B2A3B801200BF0E1F /* QcanUITestsLaunchTests.swift */,
			);
			path = QcanUITests;
			sourceTree = "<group>";
		};
/* End PBXGroup section */

/* Begin PBXNativeTarget section */
		2008487A2A3B800D00BF0E1F /* Qcan */ = {
			isa = PBXNativeTarget;
			buildConfigurationList = 2008489F2A3B801200BF0E1F /* Build configuration list for PBXNativeTarget "Qcan" */;
			buildPhases = (
				200848772A3B800D00BF0E1F /* Sources */,
				200848782A3B800D00BF0E1F /* Frameworks */,
				200848792A3B800D00BF0E1F /* Resources */,
			);
			buildRules = (
			);
			dependencies = (
			);
			name = Qcan;
			productName = Qcan;
			productReference = 2008487B2A3B800D00BF0E1F /* Qcan.app */;
			productType = "com.apple.product-type.application";
		};
		2008488A2A3B801200BF0E1F /* QcanTests */ = {
			isa = PBXNativeTarget;
			buildConfigurationList = 200848A22A3B801200BF0E1F /* Build configuration list for PBXNativeTarget "QcanTests" */;
			buildPhases = (
				200848872A3B801200BF0E1F /* Sources */,
				200848882A3B801200BF0E1F /* Frameworks */,
				200848892A3B801200BF0E1F /* Resources */,
			);
			buildRules = (
			);
			dependencies = (
				2008488D2A3B801200BF0E1F /* PBXTargetDependency */,
			);
			name = QcanTests;
			productName = QcanTests;
			productReference = 2008488B2A3B801200BF0E1F /* QcanTests.xctest */;
			productType = "com.apple.product-type.bundle.unit-test";
		};
		200848942A3B801200BF0E1F /* QcanUITests */ = {
			isa = PBXNativeTarget;
			buildConfigurationList = 200848A52A3B801200BF0E1F /* Build configuration list for PBXNativeTarget "QcanUITests" */;
			buildPhases = (
				200848912A3B801200BF0E1F /* Sources */,
				200848922A3B801200BF0E1F /* Frameworks */,
				200848932A3B801200BF0E1F /* Resources */,
			);
			buildRules = (
			);
			dependencies = (
				200848972A3B801200BF0E1F /* PBXTargetDependency */,
			);
			name = QcanUITests;
			productName = QcanUITests;
			productReference = 200848952A3B801200BF0E1F /* QcanUITests.xctest */;
			productType = "com.apple.product-type.bundle.ui-testing";
		};
/* End PBXNativeTarget section */

/* Begin PBXProject section */
		200848732A3B800D00BF0E1F /* Project object */ = {
			isa = PBXProject;
			attributes = {
				BuildIndependentTargetsInParallel = 1;
				LastSwiftUpdateCheck = 1420;
				LastUpgradeCheck = 1420;
				TargetAttributes = {
					2008487A2A3B800D00BF0E1F = {
						CreatedOnToolsVersion = 14.2;
					};
					2008488A2A3B801200BF0E1F = {
						CreatedOnToolsVersion = 14.2;
						TestTargetID = 2008487A2A3B800D00BF0E1F;
					};
					200848942A3B801200BF0E1F = {
						CreatedOnToolsVersion = 14.2;
						TestTargetID = 2008487A2A3B800D00BF0E1F;
					};
				};
			};
			buildConfigurationList = 200848762A3B800D00BF0E1F /* Build configuration list for PBXProject "Qcan" */;
			compatibilityVersion = "Xcode 14.0";
			developmentRegion = en;
			hasScannedForEncodings = 0;
			knownRegions = (
				en,
				Base,
			);
			mainGroup = 200848722A3B800D00BF0E1F;
			productRefGroup = 2008487C2A3B800D00BF0E1F /* Products */;
			projectDirPath = "";
			projectRoot = "";
			targets = (
				2008487A2A3B800D00BF0E1F /* Qcan */,
				2008488A2A3B801200BF0E1F /* QcanTests */,
				200848942A3B801200BF0E1F /* QcanUITests */,
			);
		};
/* End PBXProject section */

/* Begin PBXResourcesBuildPhase section */
		200848792A3B800D00BF0E1F /* Resources */ = {
			isa = PBXResourcesBuildPhase;
			buildActionMask = 2147483647;
			files = (
				200848862A3B801100BF0E1F /* Preview Assets.xcassets in Resources */,
				200848832A3B801100BF0E1F /* Assets.xcassets in Resources */,
			);
			runOnlyForDeploymentPostprocessing = 0;
		};
		200848892A3B801200BF0E1F /* Resources */ = {
			isa = PBXResourcesBuildPhase;
			buildActionMask = 2147483647;
			files = (
			);
			runOnlyForDeploymentPostprocessing = 0;
		};
		200848932A3B801200BF0E1F /* Resources */ = {
			isa = PBXResourcesBuildPhase;
			buildActionMask = 2147483647;
			files = (
			);
			runOnlyForDeploymentPostprocessing = 0;
		};
/* End PBXResourcesBuildPhase section */

/* Begin PBXSourcesBuildPhase section */
		200848772A3B800D00BF0E1F /* Sources */ = {
			isa = PBXSourcesBuildPhase;
			buildActionMask = 2147483647;
			files = (
				200848812A3B800D00BF0E1F /* QRCodeView.swift in Sources */,
				2008487F2A3B800D00BF0E1F /* QcanApp.swift in Sources */,
				20EC9DBF2A3B882F00D55C9D /* ContentView.swift in Sources */,
			);
			runOnlyForDeploymentPostprocessing = 0;
		};
		200848872A3B801200BF0E1F /* Sources */ = {
			isa = PBXSourcesBuildPhase;
			buildActionMask = 2147483647;
			files = (
				200848902A3B801200BF0E1F /* QcanTests.swift in Sources */,
			);
			runOnlyForDeploymentPostprocessing = 0;
		};
		200848912A3B801200BF0E1F /* Sources */ = {
			isa = PBXSourcesBuildPhase;
			buildActionMask = 2147483647;
			files = (
				2008489A2A3B801200BF0E1F /* QcanUITests.swift in Sources */,
				2008489C2A3B801200BF0E1F /* QcanUITestsLaunchTests.swift in Sources */,
			);
			runOnlyForDeploymentPostprocessing = 0;
		};
/* End PBXSourcesBuildPhase section */

/* Begin PBXTargetDependency section */
		2008488D2A3B801200BF0E1F /* PBXTargetDependency */ = {
			isa = PBXTargetDependency;
			target = 2008487A2A3B800D00BF0E1F /* Qcan */;
			targetProxy = 2008488C2A3B801200BF0E1F /* PBXContainerItemProxy */;
		};
		200848972A3B801200BF0E1F /* PBXTargetDependency */ = {
			isa = PBXTargetDependency;
			target = 2008487A2A3B800D00BF0E1F /* Qcan */;
			targetProxy = 200848962A3B801200BF0E1F /* PBXContainerItemProxy */;
		};
/* End PBXTargetDependency section */

/* Begin XCBuildConfiguration section */
		2008489D2A3B801200BF0E1F /* Debug */ = {
			isa = XCBuildConfiguration;
			buildSettings = {
				ALWAYS_SEARCH_USER_PATHS = NO;
				CLANG_ANALYZER_NONNULL = YES;
				CLANG_ANALYZER_NUMBER_OBJECT_CONVERSION = YES_AGGRESSIVE;
				CLANG_CXX_LANGUAGE_STANDARD = "gnu++20";
				CLANG_ENABLE_MODULES = YES;
				CLANG_ENABLE_OBJC_ARC = YES;
				CLANG_ENABLE_OBJC_WEAK = YES;
				CLANG_WARN_BLOCK_CAPTURE_AUTORELEASING = YES;
				CLANG_WARN_BOOL_CONVERSION = YES;
				CLANG_WARN_COMMA = YES;
				CLANG_WARN_CONSTANT_CONVERSION = YES;
				CLANG_WARN_DEPRECATED_OBJC_IMPLEMENTATIONS = YES;
				CLANG_WARN_DIRECT_OBJC_ISA_USAGE = YES_ERROR;
				CLANG_WARN_DOCUMENTATION_COMMENTS = YES;
				CLANG_WARN_EMPTY_BODY = YES;
				CLANG_WARN_ENUM_CONVERSION = YES;
				CLANG_WARN_INFINITE_RECURSION = YES;
				CLANG_WARN_INT_CONVERSION = YES;
				CLANG_WARN_NON_LITERAL_NULL_CONVERSION = YES;
				CLANG_WARN_OBJC_IMPLICIT_RETAIN_SELF = YES;
				CLANG_WARN_OBJC_LITERAL_CONVERSION = YES;
				CLANG_WARN_OBJC_ROOT_CLASS = YES_ERROR;
				CLANG_WARN_QUOTED_INCLUDE_IN_FRAMEWORK_HEADER = YES;
				CLANG_WARN_RANGE_LOOP_ANALYSIS = YES;
				CLANG_WARN_STRICT_PROTOTYPES = YES;
				CLANG_WARN_SUSPICIOUS_MOVE = YES;
				CLANG_WARN_UNGUARDED_AVAILABILITY = YES_AGGRESSIVE;
				CLANG_WARN_UNREACHABLE_CODE = YES;
				CLANG_WARN__DUPLICATE_METHOD_MATCH = YES;
				COPY_PHASE_STRIP = NO;
				DEBUG_INFORMATION_FORMAT = dwarf;
				ENABLE_STRICT_OBJC_MSGSEND = YES;
				ENABLE_TESTABILITY = YES;
				GCC_C_LANGUAGE_STANDARD = gnu11;
				GCC_DYNAMIC_NO_PIC = NO;
				GCC_NO_COMMON_BLOCKS = YES;
				GCC_OPTIMIZATION_LEVEL = 0;
				GCC_PREPROCESSOR_DEFINITIONS = (
					"DEBUG=1",
					"$(inherited)",
				);
				GCC_WARN_64_TO_32_BIT_CONVERSION = YES;
				GCC_WARN_ABOUT_RETURN_TYPE = YES_ERROR;
				GCC_WARN_UNDECLARED_SELECTOR = YES;
				GCC_WARN_UNINITIALIZED_AUTOS = YES_AGGRESSIVE;
				GCC_WARN_UNUSED_FUNCTION = YES;
				GCC_WARN_UNUSED_VARIABLE = YES;
				IPHONEOS_DEPLOYMENT_TARGET = 16.2;
				MTL_ENABLE_DEBUG_INFO = INCLUDE_SOURCE;
				MTL_FAST_MATH = YES;
				ONLY_ACTIVE_ARCH = YES;
				SDKROOT = iphoneos;
				SWIFT_ACTIVE_COMPILATION_CONDITIONS = DEBUG;
				SWIFT_OPTIMIZATION_LEVEL = "-Onone";
			};
			name = Debug;
		};
		2008489E2A3B801200BF0E1F /* Release */ = {
			isa = XCBuildConfiguration;
			buildSettings = {
				ALWAYS_SEARCH_USER_PATHS = NO;
				CLANG_ANALYZER_NONNULL = YES;
				CLANG_ANALYZER_NUMBER_OBJECT_CONVERSION = YES_AGGRESSIVE;
				CLANG_CXX_LANGUAGE_STANDARD = "gnu++20";
				CLANG_ENABLE_MODULES = YES;
				CLANG_ENABLE_OBJC_ARC = YES;
				CLANG_ENABLE_OBJC_WEAK = YES;
				CLANG_WARN_BLOCK_CAPTURE_AUTORELEASING = YES;
				CLANG_WARN_BOOL_CONVERSION = YES;
				CLANG_WARN_COMMA = YES;
				CLANG_WARN_CONSTANT_CONVERSION = YES;
				CLANG_WARN_DEPRECATED_OBJC_IMPLEMENTATIONS = YES;
				CLANG_WARN_DIRECT_OBJC_ISA_USAGE = YES_ERROR;
				CLANG_WARN_DOCUMENTATION_COMMENTS = YES;
				CLANG_WARN_EMPTY_BODY = YES;
				CLANG_WARN_ENUM_CONVERSION = YES;
				CLANG_WARN_INFINITE_RECURSION = YES;
				CLANG_WARN_INT_CONVERSION = YES;
				CLANG_WARN_NON_LITERAL_NULL_CONVERSION = YES;
				CLANG_WARN_OBJC_IMPLICIT_RETAIN_SELF = YES;
				CLANG_WARN_OBJC_LITERAL_CONVERSION = YES;
				CLANG_WARN_OBJC_ROOT_CLASS = YES_ERROR;
				CLANG_WARN_QUOTED_INCLUDE_IN_FRAMEWORK_HEADER = YES;
				CLANG_WARN_RANGE_LOOP_ANALYSIS = YES;
				CLANG_WARN_STRICT_PROTOTYPES = YES;
				CLANG_WARN_SUSPICIOUS_MOVE = YES;
				CLANG_WARN_UNGUARDED_AVAILABILITY = YES_AGGRESSIVE;
				CLANG_WARN_UNREACHABLE_CODE = YES;
				CLANG_WARN__DUPLICATE_METHOD_MATCH = YES;
				COPY_PHASE_STRIP = NO;
				DEBUG_INFORMATION_FORMAT = "dwarf-with-dsym";
				ENABLE_NS_ASSERTIONS = NO;
				ENABLE_STRICT_OBJC_MSGSEND = YES;
				GCC_C_LANGUAGE_STANDARD = gnu11;
				GCC_NO_COMMON_BLOCKS = YES;
				GCC_WARN_64_TO_32_BIT_CONVERSION = YES;
				GCC_WARN_ABOUT_RETURN_TYPE = YES_ERROR;
				GCC_WARN_UNDECLARED_SELECTOR = YES;
				GCC_WARN_UNINITIALIZED_AUTOS = YES_AGGRESSIVE;
				GCC_WARN_UNUSED_FUNCTION = YES;
				GCC_WARN_UNUSED_VARIABLE = YES;
				IPHONEOS_DEPLOYMENT_TARGET = 16.2;
				MTL_ENABLE_DEBUG_INFO = NO;
				MTL_FAST_MATH = YES;
				SDKROOT = iphoneos;
				SWIFT_COMPILATION_MODE = wholemodule;
				SWIFT_OPTIMIZATION_LEVEL = "-O";
				VALIDATE_PRODUCT = YES;
			};
			name = Release;
		};
		200848A02A3B801200BF0E1F /* Debug */ = {
			isa = XCBuildConfiguration;
			buildSettings = {
				ASSETCATALOG_COMPILER_APPICON_NAME = AppIcon;
				ASSETCATALOG_COMPILER_GLOBAL_ACCENT_COLOR_NAME = AccentColor;
				CODE_SIGN_STYLE = Automatic;
				CURRENT_PROJECT_VERSION = 1;
				DEVELOPMENT_ASSET_PATHS = "\"Qcan/Preview Content\"";
				ENABLE_PREVIEWS = YES;
				GENERATE_INFOPLIST_FILE = YES;
				INFOPLIST_KEY_UIApplicationSceneManifest_Generation = YES;
				INFOPLIST_KEY_UIApplicationSupportsIndirectInputEvents = YES;
				INFOPLIST_KEY_UILaunchScreen_Generation = YES;
				INFOPLIST_KEY_UISupportedInterfaceOrientations_iPad = "UIInterfaceOrientationPortrait UIInterfaceOrientationPortraitUpsideDown UIInterfaceOrientationLandscapeLeft UIInterfaceOrientationLandscapeRight";
				INFOPLIST_KEY_UISupportedInterfaceOrientations_iPhone = "UIInterfaceOrientationPortrait UIInterfaceOrientationLandscapeLeft UIInterfaceOrientationLandscapeRight";
				LD_RUNPATH_SEARCH_PATHS = (
					"$(inherited)",
					"@executable_path/Frameworks",
				);
				MARKETING_VERSION = 1.0;
				PRODUCT_BUNDLE_IDENTIFIER = com.nawalahmed.Qcan;
				PRODUCT_NAME = "$(TARGET_NAME)";
				SWIFT_EMIT_LOC_STRINGS = YES;
				SWIFT_VERSION = 5.0;
				TARGETED_DEVICE_FAMILY = "1,2";
			};
			name = Debug;
		};
		200848A12A3B801200BF0E1F /* Release */ = {
			isa = XCBuildConfiguration;
			buildSettings = {
				ASSETCATALOG_COMPILER_APPICON_NAME = AppIcon;
				ASSETCATALOG_COMPILER_GLOBAL_ACCENT_COLOR_NAME = AccentColor;
				CODE_SIGN_STYLE = Automatic;
				CURRENT_PROJECT_VERSION = 1;
				DEVELOPMENT_ASSET_PATHS = "\"Qcan/Preview Content\"";
				ENABLE_PREVIEWS = YES;
				GENERATE_INFOPLIST_FILE = YES;
				INFOPLIST_KEY_UIApplicationSceneManifest_Generation = YES;
				INFOPLIST_KEY_UIApplicationSupportsIndirectInputEvents = YES;
				INFOPLIST_KEY_UILaunchScreen_Generation = YES;
				INFOPLIST_KEY_UISupportedInterfaceOrientations_iPad = "UIInterfaceOrientationPortrait UIInterfaceOrientationPortraitUpsideDown UIInterfaceOrientationLandscapeLeft UIInterfaceOrientationLandscapeRight";
				INFOPLIST_KEY_UISupportedInterfaceOrientations_iPhone = "UIInterfaceOrientationPortrait UIInterfaceOrientationLandscapeLeft UIInterfaceOrientationLandscapeRight";
				LD_RUNPATH_SEARCH_PATHS = (
					"$(inherited)",
					"@executable_path/Frameworks",
				);
				MARKETING_VERSION = 1.0;
				PRODUCT_BUNDLE_IDENTIFIER = com.nawalahmed.Qcan;
				PRODUCT_NAME = "$(TARGET_NAME)";
				SWIFT_EMIT_LOC_STRINGS = YES;
				SWIFT_VERSION = 5.0;
				TARGETED_DEVICE_FAMILY = "1,2";
			};
			name = Release;
		};
		200848A32A3B801200BF0E1F /* Debug */ = {
			isa = XCBuildConfiguration;
			buildSettings = {
				ALWAYS_EMBED_SWIFT_STANDARD_LIBRARIES = YES;
				BUNDLE_LOADER = "$(TEST_HOST)";
				CODE_SIGN_STYLE = Automatic;
				CURRENT_PROJECT_VERSION = 1;
				GENERATE_INFOPLIST_FILE = YES;
				IPHONEOS_DEPLOYMENT_TARGET = 16.2;
				MARKETING_VERSION = 1.0;
				PRODUCT_BUNDLE_IDENTIFIER = com.nawalahmed.QcanTests;
				PRODUCT_NAME = "$(TARGET_NAME)";
				SWIFT_EMIT_LOC_STRINGS = NO;
				SWIFT_VERSION = 5.0;
				TARGETED_DEVICE_FAMILY = "1,2";
				TEST_HOST = "$(BUILT_PRODUCTS_DIR)/Qcan.app/$(BUNDLE_EXECUTABLE_FOLDER_PATH)/Qcan";
			};
			name = Debug;
		};
		200848A42A3B801200BF0E1F /* Release */ = {
			isa = XCBuildConfiguration;
			buildSettings = {
				ALWAYS_EMBED_SWIFT_STANDARD_LIBRARIES = YES;
				BUNDLE_LOADER = "$(TEST_HOST)";
				CODE_SIGN_STYLE = Automatic;
				CURRENT_PROJECT_VERSION = 1;
				GENERATE_INFOPLIST_FILE = YES;
				IPHONEOS_DEPLOYMENT_TARGET = 16.2;
				MARKETING_VERSION = 1.0;
				PRODUCT_BUNDLE_IDENTIFIER = com.nawalahmed.QcanTests;
				PRODUCT_NAME = "$(TARGET_NAME)";
				SWIFT_EMIT_LOC_STRINGS = NO;
				SWIFT_VERSION = 5.0;
				TARGETED_DEVICE_FAMILY = "1,2";
				TEST_HOST = "$(BUILT_PRODUCTS_DIR)/Qcan.app/$(BUNDLE_EXECUTABLE_FOLDER_PATH)/Qcan";
			};
			name = Release;
		};
		200848A62A3B801200BF0E1F /* Debug */ = {
			isa = XCBuildConfiguration;
			buildSettings = {
				ALWAYS_EMBED_SWIFT_STANDARD_LIBRARIES = YES;
				CODE_SIGN_STYLE = Automatic;
				CURRENT_PROJECT_VERSION = 1;
				GENERATE_INFOPLIST_FILE = YES;
				MARKETING_VERSION = 1.0;
				PRODUCT_BUNDLE_IDENTIFIER = com.nawalahmed.QcanUITests;
				PRODUCT_NAME = "$(TARGET_NAME)";
				SWIFT_EMIT_LOC_STRINGS = NO;
				SWIFT_VERSION = 5.0;
				TARGETED_DEVICE_FAMILY = "1,2";
				TEST_TARGET_NAME = Qcan;
			};
			name = Debug;
		};
		200848A72A3B801200BF0E1F /* Release */ = {
			isa = XCBuildConfiguration;
			buildSettings = {
				ALWAYS_EMBED_SWIFT_STANDARD_LIBRARIES = YES;
				CODE_SIGN_STYLE = Automatic;
				CURRENT_PROJECT_VERSION = 1;
				GENERATE_INFOPLIST_FILE = YES;
				MARKETING_VERSION = 1.0;
				PRODUCT_BUNDLE_IDENTIFIER = com.nawalahmed.QcanUITests;
				PRODUCT_NAME = "$(TARGET_NAME)";
				SWIFT_EMIT_LOC_STRINGS = NO;
				SWIFT_VERSION = 5.0;
				TARGETED_DEVICE_FAMILY = "1,2";
				TEST_TARGET_NAME = Qcan;
			};
			name = Release;
		};
/* End XCBuildConfiguration section */

/* Begin XCConfigurationList section */
		200848762A3B800D00BF0E1F /* Build configuration list for PBXProject "Qcan" */ = {
			isa = XCConfigurationList;
			buildConfigurations = (
				2008489D2A3B801200BF0E1F /* Debug */,
				2008489E2A3B801200BF0E1F /* Release */,
			);
			defaultConfigurationIsVisible = 0;
			defaultConfigurationName = Release;
		};
		2008489F2A3B801200BF0E1F /* Build configuration list for PBXNativeTarget "Qcan" */ = {
			isa = XCConfigurationList;
			buildConfigurations = (
				200848A02A3B801200BF0E1F /* Debug */,
				200848A12A3B801200BF0E1F /* Release */,
			);
			defaultConfigurationIsVisible = 0;
			defaultConfigurationName = Release;
		};
		200848A22A3B801200BF0E1F /* Build configuration list for PBXNativeTarget "QcanTests" */ = {
			isa = XCConfigurationList;
			buildConfigurations = (
				200848A32A3B801200BF0E1F /* Debug */,
				200848A42A3B801200BF0E1F /* Release */,
			);
			defaultConfigurationIsVisible = 0;
			defaultConfigurationName = Release;
		};
		200848A52A3B801200BF0E1F /* Build configuration list for PBXNativeTarget "QcanUITests" */ = {
			isa = XCConfigurationList;
			buildConfigurations = (
				200848A62A3B801200BF0E1F /* Debug */,
				200848A72A3B801200BF0E1F /* Release */,
			);
			defaultConfigurationIsVisible = 0;
			defaultConfigurationName = Release;
		};
/* End XCConfigurationList section */
	};
	rootObject = 200848732A3B800D00BF0E1F /* Project object */;
}
